
Microsoft Visual Studio Solution File, Format Version 12.00
# Visual Studio Version 17
VisualStudioVersion = 17.4.33110.190
MinimumVisualStudioVersion = 10.0.40219.1
Project("{FAE04EC0-301F-11D3-BF4B-00C04F79EFBC}") = "shaima_clinicts", "shaima_clinicts\shaima_clinicts.csproj", "{F16B8692-B634-44D5-9593-FDFB6E87D43D}"
EndProject
Global
	GlobalSection(SolutionConfigurationPlatforms) = preSolution
		Debug|Any CPU = Debug|Any CPU
		Release|Any CPU = Release|Any CPU
	EndGlobalSection
	GlobalSection(ProjectConfigurationPlatforms) = postSolution
		{F16B8692-B634-44D5-9593-FDFB6E87D43D}.Debug|Any CPU.ActiveCfg = Debug|Any CPU
		{F16B8692-B634-44D5-9593-FDFB6E87D43D}.Debug|Any CPU.Build.0 = Debug|Any CPU
		{F16B8692-B634-44D5-9593-FDFB6E87D43D}.Release|Any CPU.ActiveCfg = Release|Any CPU
		{F16B8692-B634-44D5-9593-FDFB6E87D43D}.Release|Any CPU.Build.0 = Release|Any CPU
	EndGlobalSection
	GlobalSection(SolutionProperties) = preSolution
		HideSolutionNode = FALSE
	EndGlobalSection
	GlobalSection(ExtensibilityGlobals) = postSolution
		SolutionGuid = {FC695A8A-21EB-4313-8D2D-E94E015F4E12}
	EndGlobalSection
EndGlobal
